
Microsoft Visual Studio Solution File, Format Version 12.00
# Visual Studio Version 17
VisualStudioVersion = 17.14.36414.22 d17.14
MinimumVisualStudioVersion = 10.0.40219.1
Project("{FAE04EC0-301F-11D3-BF4B-00C04F79EFBC}") = "StringFormattingDemo", "StringFormattingDemo\StringFormattingDemo.csproj", "{C888188A-F602-46DA-A80A-68278089B5EB}"
EndProject
Global
	GlobalSection(SolutionConfigurationPlatforms) = preSolution
		Debug|Any CPU = Debug|Any CPU
		Release|Any CPU = Release|Any CPU
	EndGlobalSection
	GlobalSection(ProjectConfigurationPlatforms) = postSolution
		{C888188A-F602-46DA-A80A-68278089B5EB}.Debug|Any CPU.ActiveCfg = Debug|Any CPU
		{C888188A-F602-46DA-A80A-68278089B5EB}.Debug|Any CPU.Build.0 = Debug|Any CPU
		{C888188A-F602-46DA-A80A-68278089B5EB}.Release|Any CPU.ActiveCfg = Release|Any CPU
		{C888188A-F602-46DA-A80A-68278089B5EB}.Release|Any CPU.Build.0 = Release|Any CPU
	EndGlobalSection
	GlobalSection(SolutionProperties) = preSolution
		HideSolutionNode = FALSE
	EndGlobalSection
	GlobalSection(ExtensibilityGlobals) = postSolution
		SolutionGuid = {532218DC-8757-4072-9889-2D87A55792E0}
	EndGlobalSection
EndGlobal
